
Microsoft Visual Studio Solution File, Format Version 12.00
# Visual Studio Version 17
VisualStudioVersion = 17.8.34330.188
MinimumVisualStudioVersion = 10.0.40219.1
Project("{9A19103F-16F7-4668-BE54-9A1E7A4F7556}") = "ResStateAPI", "ResStateAPI\ResStateAPI.csproj", "{3628B236-5F4D-4187-9DCE-BC2BE995B5EF}"
EndProject
Project("{E53339B2-1760-4266-BCC7-CA923CBCF16C}") = "docker-compose", "docker-compose.dcproj", "{5789F226-F329-47FB-A10B-0383CF3DD402}"
EndProject
Global
	GlobalSection(SolutionConfigurationPlatforms) = preSolution
		Debug|Any CPU = Debug|Any CPU
		Release|Any CPU = Release|Any CPU
	EndGlobalSection
	GlobalSection(ProjectConfigurationPlatforms) = postSolution
		{3628B236-5F4D-4187-9DCE-BC2BE995B5EF}.Debug|Any CPU.ActiveCfg = Debug|Any CPU
		{3628B236-5F4D-4187-9DCE-BC2BE995B5EF}.Debug|Any CPU.Build.0 = Debug|Any CPU
		{3628B236-5F4D-4187-9DCE-BC2BE995B5EF}.Release|Any CPU.ActiveCfg = Release|Any CPU
		{3628B236-5F4D-4187-9DCE-BC2BE995B5EF}.Release|Any CPU.Build.0 = Release|Any CPU
		{5789F226-F329-47FB-A10B-0383CF3DD402}.Debug|Any CPU.ActiveCfg = Debug|Any CPU
		{5789F226-F329-47FB-A10B-0383CF3DD402}.Debug|Any CPU.Build.0 = Debug|Any CPU
		{5789F226-F329-47FB-A10B-0383CF3DD402}.Release|Any CPU.ActiveCfg = Release|Any CPU
		{5789F226-F329-47FB-A10B-0383CF3DD402}.Release|Any CPU.Build.0 = Release|Any CPU
	EndGlobalSection
	GlobalSection(SolutionProperties) = preSolution
		HideSolutionNode = FALSE
	EndGlobalSection
	GlobalSection(ExtensibilityGlobals) = postSolution
		SolutionGuid = {A5F4DCE3-88F8-494B-B931-6B13357FB5B2}
	EndGlobalSection
EndGlobal
