
Microsoft Visual Studio Solution File, Format Version 12.00
# Visual Studio Version 17
VisualStudioVersion = 17.8.34309.116
MinimumVisualStudioVersion = 10.0.40219.1
Project("{FAE04EC0-301F-11D3-BF4B-00C04F79EFBC}") = "Spotifake", "Spotifake\Spotifake.csproj", "{877079BF-E97F-405B-B5BC-B53CF8C0A50F}"
EndProject
Project("{FAE04EC0-301F-11D3-BF4B-00C04F79EFBC}") = "SpotifakeDateAndLogic", "SpotifakeDateAndLogic\SpotifakeDateAndLogic.csproj", "{9A97E75A-4D9C-46C9-BA7F-4B63DDA511BA}"
EndProject
Global
	GlobalSection(SolutionConfigurationPlatforms) = preSolution
		Debug|Any CPU = Debug|Any CPU
		Release|Any CPU = Release|Any CPU
	EndGlobalSection
	GlobalSection(ProjectConfigurationPlatforms) = postSolution
		{877079BF-E97F-405B-B5BC-B53CF8C0A50F}.Debug|Any CPU.ActiveCfg = Debug|Any CPU
		{877079BF-E97F-405B-B5BC-B53CF8C0A50F}.Debug|Any CPU.Build.0 = Debug|Any CPU
		{877079BF-E97F-405B-B5BC-B53CF8C0A50F}.Release|Any CPU.ActiveCfg = Release|Any CPU
		{877079BF-E97F-405B-B5BC-B53CF8C0A50F}.Release|Any CPU.Build.0 = Release|Any CPU
		{9A97E75A-4D9C-46C9-BA7F-4B63DDA511BA}.Debug|Any CPU.ActiveCfg = Debug|Any CPU
		{9A97E75A-4D9C-46C9-BA7F-4B63DDA511BA}.Debug|Any CPU.Build.0 = Debug|Any CPU
		{9A97E75A-4D9C-46C9-BA7F-4B63DDA511BA}.Release|Any CPU.ActiveCfg = Release|Any CPU
		{9A97E75A-4D9C-46C9-BA7F-4B63DDA511BA}.Release|Any CPU.Build.0 = Release|Any CPU
	EndGlobalSection
	GlobalSection(SolutionProperties) = preSolution
		HideSolutionNode = FALSE
	EndGlobalSection
	GlobalSection(ExtensibilityGlobals) = postSolution
		SolutionGuid = {7D66F539-1037-4504-AAC6-60652814DC50}
	EndGlobalSection
EndGlobal
