
Microsoft Visual Studio Solution File, Format Version 12.00
# Visual Studio Version 17
VisualStudioVersion = 17.8.34330.188
MinimumVisualStudioVersion = 10.0.40219.1
Project("{FAE04EC0-301F-11D3-BF4B-00C04F79EFBC}") = "MailOrderProject", "MailOrderProject\MailOrderProject.csproj", "{3B5931BF-6EBA-40C1-A687-456A80C73122}"
EndProject
Project("{FAE04EC0-301F-11D3-BF4B-00C04F79EFBC}") = "DataLayer", "DataLayer\DataLayer.csproj", "{2689B626-EAEA-4C9F-8009-4CDE263882F1}"
EndProject
Project("{FAE04EC0-301F-11D3-BF4B-00C04F79EFBC}") = "Servicelayer", "Servicelayer\Servicelayer.csproj", "{E92E0D8D-3566-4EF4-AF1D-D7448A520C41}"
EndProject
Global
	GlobalSection(SolutionConfigurationPlatforms) = preSolution
		Debug|Any CPU = Debug|Any CPU
		Release|Any CPU = Release|Any CPU
	EndGlobalSection
	GlobalSection(ProjectConfigurationPlatforms) = postSolution
		{3B5931BF-6EBA-40C1-A687-456A80C73122}.Debug|Any CPU.ActiveCfg = Debug|Any CPU
		{3B5931BF-6EBA-40C1-A687-456A80C73122}.Debug|Any CPU.Build.0 = Debug|Any CPU
		{3B5931BF-6EBA-40C1-A687-456A80C73122}.Release|Any CPU.ActiveCfg = Release|Any CPU
		{3B5931BF-6EBA-40C1-A687-456A80C73122}.Release|Any CPU.Build.0 = Release|Any CPU
		{2689B626-EAEA-4C9F-8009-4CDE263882F1}.Debug|Any CPU.ActiveCfg = Debug|Any CPU
		{2689B626-EAEA-4C9F-8009-4CDE263882F1}.Debug|Any CPU.Build.0 = Debug|Any CPU
		{2689B626-EAEA-4C9F-8009-4CDE263882F1}.Release|Any CPU.ActiveCfg = Release|Any CPU
		{2689B626-EAEA-4C9F-8009-4CDE263882F1}.Release|Any CPU.Build.0 = Release|Any CPU
		{E92E0D8D-3566-4EF4-AF1D-D7448A520C41}.Debug|Any CPU.ActiveCfg = Debug|Any CPU
		{E92E0D8D-3566-4EF4-AF1D-D7448A520C41}.Debug|Any CPU.Build.0 = Debug|Any CPU
		{E92E0D8D-3566-4EF4-AF1D-D7448A520C41}.Release|Any CPU.ActiveCfg = Release|Any CPU
		{E92E0D8D-3566-4EF4-AF1D-D7448A520C41}.Release|Any CPU.Build.0 = Release|Any CPU
	EndGlobalSection
	GlobalSection(SolutionProperties) = preSolution
		HideSolutionNode = FALSE
	EndGlobalSection
	GlobalSection(ExtensibilityGlobals) = postSolution
		SolutionGuid = {B1335E8E-C468-48EE-9CBC-23B6EA2033E9}
	EndGlobalSection
EndGlobal
